
Microsoft Visual Studio Solution File, Format Version 12.00
# Visual Studio Version 17
VisualStudioVersion = 17.3.32929.385
MinimumVisualStudioVersion = 10.0.40219.1
Project("{9A19103F-16F7-4668-BE54-9A1E7A4F7556}") = "FileIo", "FileIo.csproj", "{7D250105-7171-4850-B648-BAA3C117E6AE}"
EndProject
Global
	GlobalSection(SolutionConfigurationPlatforms) = preSolution
		Debug|Any CPU = Debug|Any CPU
		Release|Any CPU = Release|Any CPU
	EndGlobalSection
	GlobalSection(ProjectConfigurationPlatforms) = postSolution
		{7D250105-7171-4850-B648-BAA3C117E6AE}.Debug|Any CPU.ActiveCfg = Debug|Any CPU
		{7D250105-7171-4850-B648-BAA3C117E6AE}.Debug|Any CPU.Build.0 = Debug|Any CPU
		{7D250105-7171-4850-B648-BAA3C117E6AE}.Release|Any CPU.ActiveCfg = Release|Any CPU
		{7D250105-7171-4850-B648-BAA3C117E6AE}.Release|Any CPU.Build.0 = Release|Any CPU
	EndGlobalSection
	GlobalSection(SolutionProperties) = preSolution
		HideSolutionNode = FALSE
	EndGlobalSection
	GlobalSection(ExtensibilityGlobals) = postSolution
		SolutionGuid = {30599F23-955E-425F-9FD8-2FAB3FFE3114}
	EndGlobalSection
EndGlobal
